
Microsoft Visual Studio Solution File, Format Version 12.00
# Visual Studio Version 16
VisualStudioVersion = 16.0.33927.289
MinimumVisualStudioVersion = 10.0.40219.1
Project("{2150E333-8FDC-42A3-9474-1A3956D46DE8}") = "Task0", "Task0", "{6E65C791-DAA4-445A-8B0C-19B0CAC5DAF4}"
EndProject
Project("{FAE04EC0-301F-11D3-BF4B-00C04F79EFBC}") = "Tyuiu.KultyshevaEA.Sprint0.Task0.V0", "Tyuiu.KultyshevaEA.Sprint0.Task0.V0\Tyuiu.KultyshevaEA.Sprint0.Task0.V0.csproj", "{9D8B6847-639C-40CD-AD2B-BB8B2F3D3DD6}"
EndProject
Global
	GlobalSection(SolutionConfigurationPlatforms) = preSolution
		Debug|Any CPU = Debug|Any CPU
		Release|Any CPU = Release|Any CPU
	EndGlobalSection
	GlobalSection(ProjectConfigurationPlatforms) = postSolution
		{9D8B6847-639C-40CD-AD2B-BB8B2F3D3DD6}.Debug|Any CPU.ActiveCfg = Debug|Any CPU
		{9D8B6847-639C-40CD-AD2B-BB8B2F3D3DD6}.Debug|Any CPU.Build.0 = Debug|Any CPU
		{9D8B6847-639C-40CD-AD2B-BB8B2F3D3DD6}.Release|Any CPU.ActiveCfg = Release|Any CPU
		{9D8B6847-639C-40CD-AD2B-BB8B2F3D3DD6}.Release|Any CPU.Build.0 = Release|Any CPU
	EndGlobalSection
	GlobalSection(SolutionProperties) = preSolution
		HideSolutionNode = FALSE
	EndGlobalSection
	GlobalSection(NestedProjects) = preSolution
		{9D8B6847-639C-40CD-AD2B-BB8B2F3D3DD6} = {6E65C791-DAA4-445A-8B0C-19B0CAC5DAF4}
	EndGlobalSection
	GlobalSection(ExtensibilityGlobals) = postSolution
		SolutionGuid = {ED8106F1-920E-45BF-A1E0-F2B4D98B6BEE}
	EndGlobalSection
EndGlobal
