
Microsoft Visual Studio Solution File, Format Version 12.00
# Visual Studio Version 16
VisualStudioVersion = 16.0.33927.289
MinimumVisualStudioVersion = 10.0.40219.1
Project("{2150E333-8FDC-42A3-9474-1A3956D46DE8}") = "Task0", "Task0", "{6E65C791-DAA4-445A-8B0C-19B0CAC5DAF4}"
EndProject
Project("{FAE04EC0-301F-11D3-BF4B-00C04F79EFBC}") = "Tyuiu.KultyshevaEA.Sprint0.Task0.V0", "Tyuiu.KultyshevaEA.Sprint0.Task0.V0\Tyuiu.KultyshevaEA.Sprint0.Task0.V0.csproj", "{9D8B6847-639C-40CD-AD2B-BB8B2F3D3DD6}"
EndProject
Project("{2150E333-8FDC-42A3-9474-1A3956D46DE8}") = "Task1", "Task1", "{A12D4D8F-8369-4C4F-A33B-82F285FF9EA7}"
EndProject
Project("{FAE04EC0-301F-11D3-BF4B-00C04F79EFBC}") = "Tyuiu.KultyshevaEA.Sprint0.Task1.V0", "Tyuiu.KultyshevaEA.Sprint0.Task1.V0\Tyuiu.KultyshevaEA.Sprint0.Task1.V0.csproj", "{9240D30C-35AB-4789-BFA3-334435499F45}"
EndProject
Project("{2150E333-8FDC-42A3-9474-1A3956D46DE8}") = "Task2", "Task2", "{259C767A-BA9D-4757-B76F-B6FC6B00EF07}"
EndProject
Project("{FAE04EC0-301F-11D3-BF4B-00C04F79EFBC}") = "Tyuiu.KultyshevaEA.Sprint0.Task2.V0", "Tyuiu.KultyshevaEA.Sprint0.Task2.V0\Tyuiu.KultyshevaEA.Sprint0.Task2.V0.csproj", "{02259E84-BC26-4BF7-99E2-516106838636}"
EndProject
Project("{FAE04EC0-301F-11D3-BF4B-00C04F79EFBC}") = "Tyuiu.KultyshevaEA.Sprint0.Task2.V0.Lib", "Tyuiu.KultyshevaEA.Sprint0.Task2.V0.Lib\Tyuiu.KultyshevaEA.Sprint0.Task2.V0.Lib.csproj", "{B746944E-39E8-4291-93F8-3BE9B5A9E2A6}"
EndProject
Project("{FAE04EC0-301F-11D3-BF4B-00C04F79EFBC}") = "Tyuiu.KultyshevaEA.Sprint0.Task2.V0.Test", "Tyuiu.KultyshevaEA.Sprint0.Task2.V0.Test\Tyuiu.KultyshevaEA.Sprint0.Task2.V0.Test.csproj", "{29EC5FEE-93A4-42F5-A956-B92B5C6189FB}"
EndProject
Project("{2150E333-8FDC-42A3-9474-1A3956D46DE8}") = "Task3", "Task3", "{32899406-F146-4A54-AC67-C842E6272CDA}"
EndProject
Project("{FAE04EC0-301F-11D3-BF4B-00C04F79EFBC}") = "Tyuiu.KultyshevaEA.Sprint0.Task3.V0", "Tyuiu.KultyshevaEA.Sprint0.Task3.V0\Tyuiu.KultyshevaEA.Sprint0.Task3.V0.csproj", "{EE525202-C0B9-455B-9A7D-7887FD047544}"
EndProject
Project("{FAE04EC0-301F-11D3-BF4B-00C04F79EFBC}") = "Tyuiu.KultyshevaEA.Sprint0.Task3.V0.Lib", "Tyuiu.KultyshevaEA.Sprint0.Task3.V0.Lib\Tyuiu.KultyshevaEA.Sprint0.Task3.V0.Lib.csproj", "{4D487B7B-EB3C-4BDB-B82B-174CA8B2ACA4}"
EndProject
Project("{FAE04EC0-301F-11D3-BF4B-00C04F79EFBC}") = "Tyuiu.KultyshevaEA.Sprint0.Task3.V0.Test", "Tyuiu.KultyshevaEA.Sprint0.Task3.V0.Test\Tyuiu.KultyshevaEA.Sprint0.Task3.V0.Test.csproj", "{4737A163-090F-46FA-944F-6F3FC5B88177}"
EndProject
Project("{2150E333-8FDC-42A3-9474-1A3956D46DE8}") = "Task4", "Task4", "{CB5E9ABC-BB72-45D5-850A-DA451E78EEE6}"
EndProject
Project("{FAE04EC0-301F-11D3-BF4B-00C04F79EFBC}") = "Tyuiu.KultyshevaEA.Sprint0.Task4.V0", "Tyuiu.KultyshevaEA.Sprint0.Task4.V0\Tyuiu.KultyshevaEA.Sprint0.Task4.V0.csproj", "{46B2AEA5-92CD-47D0-A8CA-7985A78F6AD3}"
EndProject
Project("{FAE04EC0-301F-11D3-BF4B-00C04F79EFBC}") = "Tyuiu.KultyshevaEA.Sprint0.Task4.V0.Lib", "Tyuiu.KultyshevaEA.Sprint0.Task4.V0.Lib\Tyuiu.KultyshevaEA.Sprint0.Task4.V0.Lib.csproj", "{D334573B-F781-4F79-9728-7D29C270354D}"
EndProject
Project("{FAE04EC0-301F-11D3-BF4B-00C04F79EFBC}") = "Tyuiu.KultyshevaEA.Sprint0.Task4.V0.Test", "Tyuiu.KultyshevaEA.Sprint0.Task4.V0.Test\Tyuiu.KultyshevaEA.Sprint0.Task4.V0.Test.csproj", "{35337D04-CB9B-4113-B171-B338D33E2FF5}"
EndProject
Project("{2150E333-8FDC-42A3-9474-1A3956D46DE8}") = "Task5", "Task5", "{A16987E6-29C1-4390-8747-DD4C6F46DDB7}"
EndProject
Project("{FAE04EC0-301F-11D3-BF4B-00C04F79EFBC}") = "Tyuiu.KultyshevaEA.Sprint0.Task5.V0", "Tyuiu.KultyshevaEA.Sprint0.Task5.V0\Tyuiu.KultyshevaEA.Sprint0.Task5.V0.csproj", "{B81C7155-AAF5-4E99-BCCF-A0015EB184B8}"
EndProject
Project("{FAE04EC0-301F-11D3-BF4B-00C04F79EFBC}") = "Tyuiu.KultyshevaEA.Sprint0.Task5.V0.Lib", "Tyuiu.KultyshevaEA.Sprint0.Task5.V0.Lib\Tyuiu.KultyshevaEA.Sprint0.Task5.V0.Lib.csproj", "{DE3F7688-7A4E-40B5-9D83-8D2752FFE5EB}"
EndProject
Project("{FAE04EC0-301F-11D3-BF4B-00C04F79EFBC}") = "Tyuiu.KultyshevaEA.Sprint0.Task5.V0.Test", "Tyuiu.KultyshevaEA.Sprint0.Task5.V0.Test\Tyuiu.KultyshevaEA.Sprint0.Task5.V0.Test.csproj", "{DEC7AA93-BD59-481B-B992-1CBFCCEEA75E}"
EndProject
Project("{2150E333-8FDC-42A3-9474-1A3956D46DE8}") = "Task6", "Task6", "{163950D0-C342-4B03-AF1D-52881DD36C26}"
EndProject
Project("{FAE04EC0-301F-11D3-BF4B-00C04F79EFBC}") = "Tyuiu.KultyshevaEA.Sprint0.Task6.V0", "Tyuiu.KultyshevaEA.Sprint0.Task6.V0\Tyuiu.KultyshevaEA.Sprint0.Task6.V0.csproj", "{F63D57A1-8D6A-4FA2-B0C7-003AF3BF0262}"
EndProject
Project("{FAE04EC0-301F-11D3-BF4B-00C04F79EFBC}") = "Tyuiu.KultyshevaEA.Sprint0.Task6.V0.Lib", "Tyuiu.KultyshevaEA.Sprint0.Task6.V0.Lib\Tyuiu.KultyshevaEA.Sprint0.Task6.V0.Lib.csproj", "{5E9EE32D-7886-4557-95C0-E692DBAAE3C6}"
EndProject
Project("{FAE04EC0-301F-11D3-BF4B-00C04F79EFBC}") = "Tyuiu.KultyshevaEA.Sprint0.Task6.V0.Test", "Tyuiu.KultyshevaEA.Sprint0.Task6.V0.Test\Tyuiu.KultyshevaEA.Sprint0.Task6.V0.Test.csproj", "{AA2060BE-6AA6-4A9F-A811-E2A9D90F5A2E}"
EndProject
Project("{2150E333-8FDC-42A3-9474-1A3956D46DE8}") = "Task7", "Task7", "{BBDD11F7-CB48-409C-A0AE-62351E7D89D3}"
EndProject
Project("{FAE04EC0-301F-11D3-BF4B-00C04F79EFBC}") = "Tyuiu.KultyshevaEA.Sprint0.Task7.V0", "Tyuiu.KultyshevaEA.Sprint0.Task7.V0\Tyuiu.KultyshevaEA.Sprint0.Task7.V0.csproj", "{CE9EA5EB-3682-4C59-A193-B66E5EF526B1}"
EndProject
Project("{FAE04EC0-301F-11D3-BF4B-00C04F79EFBC}") = "Tyuiu.KultyshevaEA.Sprint0.Task7.V0.Lib", "Tyuiu.KultyshevaEA.Sprint0.Task7.V0.Lib\Tyuiu.KultyshevaEA.Sprint0.Task7.V0.Lib.csproj", "{432DBDEF-8F78-4D8F-97A6-5D76957E935C}"
EndProject
Project("{FAE04EC0-301F-11D3-BF4B-00C04F79EFBC}") = "Tyuiu.KultyshevaEA.Sprint0.Task7.V0.Test", "Tyuiu.KultyshevaEA.Sprint0.Task7.V0.Test\Tyuiu.KultyshevaEA.Sprint0.Task7.V0.Test.csproj", "{568336D0-0244-4E1C-AB1F-CD44B4CCB4BD}"
EndProject
Global
	GlobalSection(SolutionConfigurationPlatforms) = preSolution
		Debug|Any CPU = Debug|Any CPU
		Release|Any CPU = Release|Any CPU
	EndGlobalSection
	GlobalSection(ProjectConfigurationPlatforms) = postSolution
		{9D8B6847-639C-40CD-AD2B-BB8B2F3D3DD6}.Debug|Any CPU.ActiveCfg = Debug|Any CPU
		{9D8B6847-639C-40CD-AD2B-BB8B2F3D3DD6}.Debug|Any CPU.Build.0 = Debug|Any CPU
		{9D8B6847-639C-40CD-AD2B-BB8B2F3D3DD6}.Release|Any CPU.ActiveCfg = Release|Any CPU
		{9D8B6847-639C-40CD-AD2B-BB8B2F3D3DD6}.Release|Any CPU.Build.0 = Release|Any CPU
		{9240D30C-35AB-4789-BFA3-334435499F45}.Debug|Any CPU.ActiveCfg = Debug|Any CPU
		{9240D30C-35AB-4789-BFA3-334435499F45}.Debug|Any CPU.Build.0 = Debug|Any CPU
		{9240D30C-35AB-4789-BFA3-334435499F45}.Release|Any CPU.ActiveCfg = Release|Any CPU
		{9240D30C-35AB-4789-BFA3-334435499F45}.Release|Any CPU.Build.0 = Release|Any CPU
		{02259E84-BC26-4BF7-99E2-516106838636}.Debug|Any CPU.ActiveCfg = Debug|Any CPU
		{02259E84-BC26-4BF7-99E2-516106838636}.Debug|Any CPU.Build.0 = Debug|Any CPU
		{02259E84-BC26-4BF7-99E2-516106838636}.Release|Any CPU.ActiveCfg = Release|Any CPU
		{02259E84-BC26-4BF7-99E2-516106838636}.Release|Any CPU.Build.0 = Release|Any CPU
		{B746944E-39E8-4291-93F8-3BE9B5A9E2A6}.Debug|Any CPU.ActiveCfg = Debug|Any CPU
		{B746944E-39E8-4291-93F8-3BE9B5A9E2A6}.Debug|Any CPU.Build.0 = Debug|Any CPU
		{B746944E-39E8-4291-93F8-3BE9B5A9E2A6}.Release|Any CPU.ActiveCfg = Release|Any CPU
		{B746944E-39E8-4291-93F8-3BE9B5A9E2A6}.Release|Any CPU.Build.0 = Release|Any CPU
		{29EC5FEE-93A4-42F5-A956-B92B5C6189FB}.Debug|Any CPU.ActiveCfg = Debug|Any CPU
		{29EC5FEE-93A4-42F5-A956-B92B5C6189FB}.Debug|Any CPU.Build.0 = Debug|Any CPU
		{29EC5FEE-93A4-42F5-A956-B92B5C6189FB}.Release|Any CPU.ActiveCfg = Release|Any CPU
		{29EC5FEE-93A4-42F5-A956-B92B5C6189FB}.Release|Any CPU.Build.0 = Release|Any CPU
		{EE525202-C0B9-455B-9A7D-7887FD047544}.Debug|Any CPU.ActiveCfg = Debug|Any CPU
		{EE525202-C0B9-455B-9A7D-7887FD047544}.Debug|Any CPU.Build.0 = Debug|Any CPU
		{EE525202-C0B9-455B-9A7D-7887FD047544}.Release|Any CPU.ActiveCfg = Release|Any CPU
		{EE525202-C0B9-455B-9A7D-7887FD047544}.Release|Any CPU.Build.0 = Release|Any CPU
		{4D487B7B-EB3C-4BDB-B82B-174CA8B2ACA4}.Debug|Any CPU.ActiveCfg = Debug|Any CPU
		{4D487B7B-EB3C-4BDB-B82B-174CA8B2ACA4}.Debug|Any CPU.Build.0 = Debug|Any CPU
		{4D487B7B-EB3C-4BDB-B82B-174CA8B2ACA4}.Release|Any CPU.ActiveCfg = Release|Any CPU
		{4D487B7B-EB3C-4BDB-B82B-174CA8B2ACA4}.Release|Any CPU.Build.0 = Release|Any CPU
		{4737A163-090F-46FA-944F-6F3FC5B88177}.Debug|Any CPU.ActiveCfg = Debug|Any CPU
		{4737A163-090F-46FA-944F-6F3FC5B88177}.Debug|Any CPU.Build.0 = Debug|Any CPU
		{4737A163-090F-46FA-944F-6F3FC5B88177}.Release|Any CPU.ActiveCfg = Release|Any CPU
		{4737A163-090F-46FA-944F-6F3FC5B88177}.Release|Any CPU.Build.0 = Release|Any CPU
		{46B2AEA5-92CD-47D0-A8CA-7985A78F6AD3}.Debug|Any CPU.ActiveCfg = Debug|Any CPU
		{46B2AEA5-92CD-47D0-A8CA-7985A78F6AD3}.Debug|Any CPU.Build.0 = Debug|Any CPU
		{46B2AEA5-92CD-47D0-A8CA-7985A78F6AD3}.Release|Any CPU.ActiveCfg = Release|Any CPU
		{46B2AEA5-92CD-47D0-A8CA-7985A78F6AD3}.Release|Any CPU.Build.0 = Release|Any CPU
		{D334573B-F781-4F79-9728-7D29C270354D}.Debug|Any CPU.ActiveCfg = Debug|Any CPU
		{D334573B-F781-4F79-9728-7D29C270354D}.Debug|Any CPU.Build.0 = Debug|Any CPU
		{D334573B-F781-4F79-9728-7D29C270354D}.Release|Any CPU.ActiveCfg = Release|Any CPU
		{D334573B-F781-4F79-9728-7D29C270354D}.Release|Any CPU.Build.0 = Release|Any CPU
		{35337D04-CB9B-4113-B171-B338D33E2FF5}.Debug|Any CPU.ActiveCfg = Debug|Any CPU
		{35337D04-CB9B-4113-B171-B338D33E2FF5}.Debug|Any CPU.Build.0 = Debug|Any CPU
		{35337D04-CB9B-4113-B171-B338D33E2FF5}.Release|Any CPU.ActiveCfg = Release|Any CPU
		{35337D04-CB9B-4113-B171-B338D33E2FF5}.Release|Any CPU.Build.0 = Release|Any CPU
		{B81C7155-AAF5-4E99-BCCF-A0015EB184B8}.Debug|Any CPU.ActiveCfg = Debug|Any CPU
		{B81C7155-AAF5-4E99-BCCF-A0015EB184B8}.Debug|Any CPU.Build.0 = Debug|Any CPU
		{B81C7155-AAF5-4E99-BCCF-A0015EB184B8}.Release|Any CPU.ActiveCfg = Release|Any CPU
		{B81C7155-AAF5-4E99-BCCF-A0015EB184B8}.Release|Any CPU.Build.0 = Release|Any CPU
		{DE3F7688-7A4E-40B5-9D83-8D2752FFE5EB}.Debug|Any CPU.ActiveCfg = Debug|Any CPU
		{DE3F7688-7A4E-40B5-9D83-8D2752FFE5EB}.Debug|Any CPU.Build.0 = Debug|Any CPU
		{DE3F7688-7A4E-40B5-9D83-8D2752FFE5EB}.Release|Any CPU.ActiveCfg = Release|Any CPU
		{DE3F7688-7A4E-40B5-9D83-8D2752FFE5EB}.Release|Any CPU.Build.0 = Release|Any CPU
		{DEC7AA93-BD59-481B-B992-1CBFCCEEA75E}.Debug|Any CPU.ActiveCfg = Debug|Any CPU
		{DEC7AA93-BD59-481B-B992-1CBFCCEEA75E}.Debug|Any CPU.Build.0 = Debug|Any CPU
		{DEC7AA93-BD59-481B-B992-1CBFCCEEA75E}.Release|Any CPU.ActiveCfg = Release|Any CPU
		{DEC7AA93-BD59-481B-B992-1CBFCCEEA75E}.Release|Any CPU.Build.0 = Release|Any CPU
		{F63D57A1-8D6A-4FA2-B0C7-003AF3BF0262}.Debug|Any CPU.ActiveCfg = Debug|Any CPU
		{F63D57A1-8D6A-4FA2-B0C7-003AF3BF0262}.Debug|Any CPU.Build.0 = Debug|Any CPU
		{F63D57A1-8D6A-4FA2-B0C7-003AF3BF0262}.Release|Any CPU.ActiveCfg = Release|Any CPU
		{F63D57A1-8D6A-4FA2-B0C7-003AF3BF0262}.Release|Any CPU.Build.0 = Release|Any CPU
		{5E9EE32D-7886-4557-95C0-E692DBAAE3C6}.Debug|Any CPU.ActiveCfg = Debug|Any CPU
		{5E9EE32D-7886-4557-95C0-E692DBAAE3C6}.Debug|Any CPU.Build.0 = Debug|Any CPU
		{5E9EE32D-7886-4557-95C0-E692DBAAE3C6}.Release|Any CPU.ActiveCfg = Release|Any CPU
		{5E9EE32D-7886-4557-95C0-E692DBAAE3C6}.Release|Any CPU.Build.0 = Release|Any CPU
		{AA2060BE-6AA6-4A9F-A811-E2A9D90F5A2E}.Debug|Any CPU.ActiveCfg = Debug|Any CPU
		{AA2060BE-6AA6-4A9F-A811-E2A9D90F5A2E}.Debug|Any CPU.Build.0 = Debug|Any CPU
		{AA2060BE-6AA6-4A9F-A811-E2A9D90F5A2E}.Release|Any CPU.ActiveCfg = Release|Any CPU
		{AA2060BE-6AA6-4A9F-A811-E2A9D90F5A2E}.Release|Any CPU.Build.0 = Release|Any CPU
		{CE9EA5EB-3682-4C59-A193-B66E5EF526B1}.Debug|Any CPU.ActiveCfg = Debug|Any CPU
		{CE9EA5EB-3682-4C59-A193-B66E5EF526B1}.Debug|Any CPU.Build.0 = Debug|Any CPU
		{CE9EA5EB-3682-4C59-A193-B66E5EF526B1}.Release|Any CPU.ActiveCfg = Release|Any CPU
		{CE9EA5EB-3682-4C59-A193-B66E5EF526B1}.Release|Any CPU.Build.0 = Release|Any CPU
		{432DBDEF-8F78-4D8F-97A6-5D76957E935C}.Debug|Any CPU.ActiveCfg = Debug|Any CPU
		{432DBDEF-8F78-4D8F-97A6-5D76957E935C}.Debug|Any CPU.Build.0 = Debug|Any CPU
		{432DBDEF-8F78-4D8F-97A6-5D76957E935C}.Release|Any CPU.ActiveCfg = Release|Any CPU
		{432DBDEF-8F78-4D8F-97A6-5D76957E935C}.Release|Any CPU.Build.0 = Release|Any CPU
		{568336D0-0244-4E1C-AB1F-CD44B4CCB4BD}.Debug|Any CPU.ActiveCfg = Debug|Any CPU
		{568336D0-0244-4E1C-AB1F-CD44B4CCB4BD}.Debug|Any CPU.Build.0 = Debug|Any CPU
		{568336D0-0244-4E1C-AB1F-CD44B4CCB4BD}.Release|Any CPU.ActiveCfg = Release|Any CPU
		{568336D0-0244-4E1C-AB1F-CD44B4CCB4BD}.Release|Any CPU.Build.0 = Release|Any CPU
	EndGlobalSection
	GlobalSection(SolutionProperties) = preSolution
		HideSolutionNode = FALSE
	EndGlobalSection
	GlobalSection(NestedProjects) = preSolution
		{9D8B6847-639C-40CD-AD2B-BB8B2F3D3DD6} = {6E65C791-DAA4-445A-8B0C-19B0CAC5DAF4}
		{9240D30C-35AB-4789-BFA3-334435499F45} = {A12D4D8F-8369-4C4F-A33B-82F285FF9EA7}
		{02259E84-BC26-4BF7-99E2-516106838636} = {259C767A-BA9D-4757-B76F-B6FC6B00EF07}
		{B746944E-39E8-4291-93F8-3BE9B5A9E2A6} = {259C767A-BA9D-4757-B76F-B6FC6B00EF07}
		{29EC5FEE-93A4-42F5-A956-B92B5C6189FB} = {259C767A-BA9D-4757-B76F-B6FC6B00EF07}
		{EE525202-C0B9-455B-9A7D-7887FD047544} = {32899406-F146-4A54-AC67-C842E6272CDA}
		{4D487B7B-EB3C-4BDB-B82B-174CA8B2ACA4} = {32899406-F146-4A54-AC67-C842E6272CDA}
		{4737A163-090F-46FA-944F-6F3FC5B88177} = {32899406-F146-4A54-AC67-C842E6272CDA}
		{46B2AEA5-92CD-47D0-A8CA-7985A78F6AD3} = {CB5E9ABC-BB72-45D5-850A-DA451E78EEE6}
		{D334573B-F781-4F79-9728-7D29C270354D} = {CB5E9ABC-BB72-45D5-850A-DA451E78EEE6}
		{35337D04-CB9B-4113-B171-B338D33E2FF5} = {CB5E9ABC-BB72-45D5-850A-DA451E78EEE6}
		{B81C7155-AAF5-4E99-BCCF-A0015EB184B8} = {A16987E6-29C1-4390-8747-DD4C6F46DDB7}
		{DE3F7688-7A4E-40B5-9D83-8D2752FFE5EB} = {A16987E6-29C1-4390-8747-DD4C6F46DDB7}
		{DEC7AA93-BD59-481B-B992-1CBFCCEEA75E} = {A16987E6-29C1-4390-8747-DD4C6F46DDB7}
		{F63D57A1-8D6A-4FA2-B0C7-003AF3BF0262} = {163950D0-C342-4B03-AF1D-52881DD36C26}
		{5E9EE32D-7886-4557-95C0-E692DBAAE3C6} = {163950D0-C342-4B03-AF1D-52881DD36C26}
		{AA2060BE-6AA6-4A9F-A811-E2A9D90F5A2E} = {163950D0-C342-4B03-AF1D-52881DD36C26}
		{CE9EA5EB-3682-4C59-A193-B66E5EF526B1} = {BBDD11F7-CB48-409C-A0AE-62351E7D89D3}
		{432DBDEF-8F78-4D8F-97A6-5D76957E935C} = {BBDD11F7-CB48-409C-A0AE-62351E7D89D3}
		{568336D0-0244-4E1C-AB1F-CD44B4CCB4BD} = {BBDD11F7-CB48-409C-A0AE-62351E7D89D3}
	EndGlobalSection
	GlobalSection(ExtensibilityGlobals) = postSolution
		SolutionGuid = {ED8106F1-920E-45BF-A1E0-F2B4D98B6BEE}
	EndGlobalSection
EndGlobal
